// !$*UTF8*$!
{
	archiveVersion = 1;
	classes = {
	};
	objectVersion = 55;
	objects = {

/* Begin PBXBuildFile section */
		129142BB2A319F0F00089F70 /* AppDelegate.swift in Sources */ = {isa = PBXBuildFile; fileRef = 129142BA2A319F0F00089F70 /* AppDelegate.swift */; };
		129142BD2A319F0F00089F70 /* SceneDelegate.swift in Sources */ = {isa = PBXBuildFile; fileRef = 129142BC2A319F0F00089F70 /* SceneDelegate.swift */; };
		129142BF2A319F0F00089F70 /* ViewController.swift in Sources */ = {isa = PBXBuildFile; fileRef = 129142BE2A319F0F00089F70 /* ViewController.swift */; };
		129142C22A319F0F00089F70 /* Main.storyboard in Resources */ = {isa = PBXBuildFile; fileRef = 129142C02A319F0F00089F70 /* Main.storyboard */; };
		129142C42A319F1000089F70 /* Assets.xcassets in Resources */ = {isa = PBXBuildFile; fileRef = 129142C32A319F1000089F70 /* Assets.xcassets */; };
		129142C72A319F1000089F70 /* LaunchScreen.storyboard in Resources */ = {isa = PBXBuildFile; fileRef = 129142C52A319F1000089F70 /* LaunchScreen.storyboard */; };
		37A4ACB2624E913A0CED5C78 /* Pods_PWMPods.framework in Frameworks */ = {isa = PBXBuildFile; fileRef = B19A22E6E3B7F884954876DF /* Pods_PWMPods.framework */; };
/* End PBXBuildFile section */

/* Begin PBXFileReference section */
		129142B72A319F0F00089F70 /* PWMPods.app */ = {isa = PBXFileReference; explicitFileType = wrapper.application; includeInIndex = 0; path = PWMPods.app; sourceTree = BUILT_PRODUCTS_DIR; };
		129142BA2A319F0F00089F70 /* AppDelegate.swift */ = {isa = PBXFileReference; lastKnownFileType = sourcecode.swift; path = AppDelegate.swift; sourceTree = "<group>"; };
		129142BC2A319F0F00089F70 /* SceneDelegate.swift */ = {isa = PBXFileReference; lastKnownFileType = sourcecode.swift; path = SceneDelegate.swift; sourceTree = "<group>"; };
		129142BE2A319F0F00089F70 /* ViewController.swift */ = {isa = PBXFileReference; lastKnownFileType = sourcecode.swift; path = ViewController.swift; sourceTree = "<group>"; };
		129142C12A319F0F00089F70 /* Base */ = {isa = PBXFileReference; lastKnownFileType = file.storyboard; name = Base; path = Base.lproj/Main.storyboard; sourceTree = "<group>"; };
		129142C32A319F1000089F70 /* Assets.xcassets */ = {isa = PBXFileReference; lastKnownFileType = folder.assetcatalog; path = Assets.xcassets; sourceTree = "<group>"; };
		129142C62A319F1000089F70 /* Base */ = {isa = PBXFileReference; lastKnownFileType = file.storyboard; name = Base; path = Base.lproj/LaunchScreen.storyboard; sourceTree = "<group>"; };
		129142C82A319F1000089F70 /* Info.plist */ = {isa = PBXFileReference; lastKnownFileType = text.plist.xml; path = Info.plist; sourceTree = "<group>"; };
		7D48244D0C4B7FD716058DF7 /* Pods-PWMPods.release.xcconfig */ = {isa = PBXFileReference; includeInIndex = 1; lastKnownFileType = text.xcconfig; name = "Pods-PWMPods.release.xcconfig"; path = "Target Support Files/Pods-PWMPods/Pods-PWMPods.release.xcconfig"; sourceTree = "<group>"; };
		9F30C02BE4AAA345DD08BED0 /* Pods-PWMPods.debug.xcconfig */ = {isa = PBXFileReference; includeInIndex = 1; lastKnownFileType = text.xcconfig; name = "Pods-PWMPods.debug.xcconfig"; path = "Target Support Files/Pods-PWMPods/Pods-PWMPods.debug.xcconfig"; sourceTree = "<group>"; };
		B19A22E6E3B7F884954876DF /* Pods_PWMPods.framework */ = {isa = PBXFileReference; explicitFileType = wrapper.framework; includeInIndex = 0; path = Pods_PWMPods.framework; sourceTree = BUILT_PRODUCTS_DIR; };
/* End PBXFileReference section */

/* Begin PBXFrameworksBuildPhase section */
		129142B42A319F0F00089F70 /* Frameworks */ = {
			isa = PBXFrameworksBuildPhase;
			buildActionMask = 2147483647;
			files = (
				37A4ACB2624E913A0CED5C78 /* Pods_PWMPods.framework in Frameworks */,
			);
			runOnlyForDeploymentPostprocessing = 0;
		};
/* End PBXFrameworksBuildPhase section */

/* Begin PBXGroup section */
		129142AE2A319F0F00089F70 = {
			isa = PBXGroup;
			children = (
				129142B92A319F0F00089F70 /* PWMPods */,
				129142B82A319F0F00089F70 /* Products */,
				CAEE69E951D7AF8963E1D429 /* Pods */,
				ADD7FA515A7A8AB13F3F8FF4 /* Frameworks */,
			);
			sourceTree = "<group>";
		};
		129142B82A319F0F00089F70 /* Products */ = {
			isa = PBXGroup;
			children = (
				129142B72A319F0F00089F70 /* PWMPods.app */,
			);
			name = Products;
			sourceTree = "<group>";
		};
		129142B92A319F0F00089F70 /* PWMPods */ = {
			isa = PBXGroup;
			children = (
				129142BA2A319F0F00089F70 /* AppDelegate.swift */,
				129142BC2A319F0F00089F70 /* SceneDelegate.swift */,
				129142BE2A319F0F00089F70 /* ViewController.swift */,
				129142C02A319F0F00089F70 /* Main.storyboard */,
				129142C32A319F1000089F70 /* Assets.xcassets */,
				129142C52A319F1000089F70 /* LaunchScreen.storyboard */,
				129142C82A319F1000089F70 /* Info.plist */,
			);
			path = PWMPods;
			sourceTree = "<group>";
		};
		ADD7FA515A7A8AB13F3F8FF4 /* Frameworks */ = {
			isa = PBXGroup;
			children = (
				B19A22E6E3B7F884954876DF /* Pods_PWMPods.framework */,
			);
			name = Frameworks;
			sourceTree = "<group>";
		};
		CAEE69E951D7AF8963E1D429 /* Pods */ = {
			isa = PBXGroup;
			children = (
				9F30C02BE4AAA345DD08BED0 /* Pods-PWMPods.debug.xcconfig */,
				7D48244D0C4B7FD716058DF7 /* Pods-PWMPods.release.xcconfig */,
			);
			name = Pods;
			path = Pods;
			sourceTree = "<group>";
		};
/* End PBXGroup section */

/* Begin PBXNativeTarget section */
		129142B62A319F0F00089F70 /* PWMPods */ = {
			isa = PBXNativeTarget;
			buildConfigurationList = 129142CB2A319F1000089F70 /* Build configuration list for PBXNativeTarget "PWMPods" */;
			buildPhases = (
				5081A2E24B4027AFC41280EC /* [CP] Check Pods Manifest.lock */,
				129142B32A319F0F00089F70 /* Sources */,
				129142B42A319F0F00089F70 /* Frameworks */,
				129142B52A319F0F00089F70 /* Resources */,
				FCDCBE59C6F98B1A52B45A89 /* [CP] Embed Pods Frameworks */,
			);
			buildRules = (
			);
			dependencies = (
			);
			name = PWMPods;
			productName = PWMPods;
			productReference = 129142B72A319F0F00089F70 /* PWMPods.app */;
			productType = "com.apple.product-type.application";
		};
/* End PBXNativeTarget section */

/* Begin PBXProject section */
		129142AF2A319F0F00089F70 /* Project object */ = {
			isa = PBXProject;
			attributes = {
				BuildIndependentTargetsInParallel = 1;
				LastSwiftUpdateCheck = 1420;
				LastUpgradeCheck = 1420;
				TargetAttributes = {
					129142B62A319F0F00089F70 = {
						CreatedOnToolsVersion = 14.2;
					};
				};
			};
			buildConfigurationList = 129142B22A319F0F00089F70 /* Build configuration list for PBXProject "PWMPods" */;
			compatibilityVersion = "Xcode 13.0";
			developmentRegion = en;
			hasScannedForEncodings = 0;
			knownRegions = (
				en,
				Base,
			);
			mainGroup = 129142AE2A319F0F00089F70;
			productRefGroup = 129142B82A319F0F00089F70 /* Products */;
			projectDirPath = "";
			projectRoot = "";
			targets = (
				129142B62A319F0F00089F70 /* PWMPods */,
			);
		};
/* End PBXProject section */

/* Begin PBXResourcesBuildPhase section */
		129142B52A319F0F00089F70 /* Resources */ = {
			isa = PBXResourcesBuildPhase;
			buildActionMask = 2147483647;
			files = (
				129142C72A319F1000089F70 /* LaunchScreen.storyboard in Resources */,
				129142C42A319F1000089F70 /* Assets.xcassets in Resources */,
				129142C22A319F0F00089F70 /* Main.storyboard in Resources */,
			);
			runOnlyForDeploymentPostprocessing = 0;
		};
/* End PBXResourcesBuildPhase section */

/* Begin PBXShellScriptBuildPhase section */
		5081A2E24B4027AFC41280EC /* [CP] Check Pods Manifest.lock */ = {
			isa = PBXShellScriptBuildPhase;
			buildActionMask = 2147483647;
			files = (
			);
			inputFileListPaths = (
			);
			inputPaths = (
				"${PODS_PODFILE_DIR_PATH}/Podfile.lock",
				"${PODS_ROOT}/Manifest.lock",
			);
			name = "[CP] Check Pods Manifest.lock";
			outputFileListPaths = (
			);
			outputPaths = (
				"$(DERIVED_FILE_DIR)/Pods-PWMPods-checkManifestLockResult.txt",
			);
			runOnlyForDeploymentPostprocessing = 0;
			shellPath = /bin/sh;
			shellScript = "diff \"${PODS_PODFILE_DIR_PATH}/Podfile.lock\" \"${PODS_ROOT}/Manifest.lock\" > /dev/null\nif [ $? != 0 ] ; then\n    # print error to STDERR\n    echo \"error: The sandbox is not in sync with the Podfile.lock. Run 'pod install' or update your CocoaPods installation.\" >&2\n    exit 1\nfi\n# This output is used by Xcode 'outputs' to avoid re-running this script phase.\necho \"SUCCESS\" > \"${SCRIPT_OUTPUT_FILE_0}\"\n";
			showEnvVarsInLog = 0;
		};
		FCDCBE59C6F98B1A52B45A89 /* [CP] Embed Pods Frameworks */ = {
			isa = PBXShellScriptBuildPhase;
			buildActionMask = 2147483647;
			files = (
			);
			inputFileListPaths = (
				"${PODS_ROOT}/Target Support Files/Pods-PWMPods/Pods-PWMPods-frameworks-${CONFIGURATION}-input-files.xcfilelist",
			);
			name = "[CP] Embed Pods Frameworks";
			outputFileListPaths = (
				"${PODS_ROOT}/Target Support Files/Pods-PWMPods/Pods-PWMPods-frameworks-${CONFIGURATION}-output-files.xcfilelist",
			);
			runOnlyForDeploymentPostprocessing = 0;
			shellPath = /bin/sh;
			shellScript = "\"${PODS_ROOT}/Target Support Files/Pods-PWMPods/Pods-PWMPods-frameworks.sh\"\n";
			showEnvVarsInLog = 0;
		};
/* End PBXShellScriptBuildPhase section */

/* Begin PBXSourcesBuildPhase section */
		129142B32A319F0F00089F70 /* Sources */ = {
			isa = PBXSourcesBuildPhase;
			buildActionMask = 2147483647;
			files = (
				129142BF2A319F0F00089F70 /* ViewController.swift in Sources */,
				129142BB2A319F0F00089F70 /* AppDelegate.swift in Sources */,
				129142BD2A319F0F00089F70 /* SceneDelegate.swift in Sources */,
			);
			runOnlyForDeploymentPostprocessing = 0;
		};
/* End PBXSourcesBuildPhase section */

/* Begin PBXVariantGroup section */
		129142C02A319F0F00089F70 /* Main.storyboard */ = {
			isa = PBXVariantGroup;
			children = (
				129142C12A319F0F00089F70 /* Base */,
			);
			name = Main.storyboard;
			sourceTree = "<group>";
		};
		129142C52A319F1000089F70 /* LaunchScreen.storyboard */ = {
			isa = PBXVariantGroup;
			children = (
				129142C62A319F1000089F70 /* Base */,
			);
			name = LaunchScreen.storyboard;
			sourceTree = "<group>";
		};
/* End PBXVariantGroup section */

/* Begin XCBuildConfiguration section */
		129142C92A319F1000089F70 /* Debug */ = {
			isa = XCBuildConfiguration;
			buildSettings = {
				ALWAYS_SEARCH_USER_PATHS = NO;
				CLANG_ANALYZER_NONNULL = YES;
				CLANG_ANALYZER_NUMBER_OBJECT_CONVERSION = YES_AGGRESSIVE;
				CLANG_CXX_LANGUAGE_STANDARD = "gnu++20";
				CLANG_ENABLE_MODULES = YES;
				CLANG_ENABLE_OBJC_ARC = YES;
				CLANG_ENABLE_OBJC_WEAK = YES;
				CLANG_WARN_BLOCK_CAPTURE_AUTORELEASING = YES;
				CLANG_WARN_BOOL_CONVERSION = YES;
				CLANG_WARN_COMMA = YES;
				CLANG_WARN_CONSTANT_CONVERSION = YES;
				CLANG_WARN_DEPRECATED_OBJC_IMPLEMENTATIONS = YES;
				CLANG_WARN_DIRECT_OBJC_ISA_USAGE = YES_ERROR;
				CLANG_WARN_DOCUMENTATION_COMMENTS = YES;
				CLANG_WARN_EMPTY_BODY = YES;
				CLANG_WARN_ENUM_CONVERSION = YES;
				CLANG_WARN_INFINITE_RECURSION = YES;
				CLANG_WARN_INT_CONVERSION = YES;
				CLANG_WARN_NON_LITERAL_NULL_CONVERSION = YES;
				CLANG_WARN_OBJC_IMPLICIT_RETAIN_SELF = YES;
				CLANG_WARN_OBJC_LITERAL_CONVERSION = YES;
				CLANG_WARN_OBJC_ROOT_CLASS = YES_ERROR;
				CLANG_WARN_QUOTED_INCLUDE_IN_FRAMEWORK_HEADER = YES;
				CLANG_WARN_RANGE_LOOP_ANALYSIS = YES;
				CLANG_WARN_STRICT_PROTOTYPES = YES;
				CLANG_WARN_SUSPICIOUS_MOVE = YES;
				CLANG_WARN_UNGUARDED_AVAILABILITY = YES_AGGRESSIVE;
				CLANG_WARN_UNREACHABLE_CODE = YES;
				CLANG_WARN__DUPLICATE_METHOD_MATCH = YES;
				COPY_PHASE_STRIP = NO;
				DEBUG_INFORMATION_FORMAT = dwarf;
				ENABLE_STRICT_OBJC_MSGSEND = YES;
				ENABLE_TESTABILITY = YES;
				GCC_C_LANGUAGE_STANDARD = gnu11;
				GCC_DYNAMIC_NO_PIC = NO;
				GCC_NO_COMMON_BLOCKS = YES;
				GCC_OPTIMIZATION_LEVEL = 0;
				GCC_PREPROCESSOR_DEFINITIONS = (
					"DEBUG=1",
					"$(inherited)",
				);
				GCC_WARN_64_TO_32_BIT_CONVERSION = YES;
				GCC_WARN_ABOUT_RETURN_TYPE = YES_ERROR;
				GCC_WARN_UNDECLARED_SELECTOR = YES;
				GCC_WARN_UNINITIALIZED_AUTOS = YES_AGGRESSIVE;
				GCC_WARN_UNUSED_FUNCTION = YES;
				GCC_WARN_UNUSED_VARIABLE = YES;
				IPHONEOS_DEPLOYMENT_TARGET = 16.2;
				MTL_ENABLE_DEBUG_INFO = INCLUDE_SOURCE;
				MTL_FAST_MATH = YES;
				ONLY_ACTIVE_ARCH = YES;
				SDKROOT = iphoneos;
				SWIFT_ACTIVE_COMPILATION_CONDITIONS = DEBUG;
				SWIFT_OPTIMIZATION_LEVEL = "-Onone";
			};
			name = Debug;
		};
		129142CA2A319F1000089F70 /* Release */ = {
			isa = XCBuildConfiguration;
			buildSettings = {
				ALWAYS_SEARCH_USER_PATHS = NO;
				CLANG_ANALYZER_NONNULL = YES;
				CLANG_ANALYZER_NUMBER_OBJECT_CONVERSION = YES_AGGRESSIVE;
				CLANG_CXX_LANGUAGE_STANDARD = "gnu++20";
				CLANG_ENABLE_MODULES = YES;
				CLANG_ENABLE_OBJC_ARC = YES;
				CLANG_ENABLE_OBJC_WEAK = YES;
				CLANG_WARN_BLOCK_CAPTURE_AUTORELEASING = YES;
				CLANG_WARN_BOOL_CONVERSION = YES;
				CLANG_WARN_COMMA = YES;
				CLANG_WARN_CONSTANT_CONVERSION = YES;
				CLANG_WARN_DEPRECATED_OBJC_IMPLEMENTATIONS = YES;
				CLANG_WARN_DIRECT_OBJC_ISA_USAGE = YES_ERROR;
				CLANG_WARN_DOCUMENTATION_COMMENTS = YES;
				CLANG_WARN_EMPTY_BODY = YES;
				CLANG_WARN_ENUM_CONVERSION = YES;
				CLANG_WARN_INFINITE_RECURSION = YES;
				CLANG_WARN_INT_CONVERSION = YES;
				CLANG_WARN_NON_LITERAL_NULL_CONVERSION = YES;
				CLANG_WARN_OBJC_IMPLICIT_RETAIN_SELF = YES;
				CLANG_WARN_OBJC_LITERAL_CONVERSION = YES;
				CLANG_WARN_OBJC_ROOT_CLASS = YES_ERROR;
				CLANG_WARN_QUOTED_INCLUDE_IN_FRAMEWORK_HEADER = YES;
				CLANG_WARN_RANGE_LOOP_ANALYSIS = YES;
				CLANG_WARN_STRICT_PROTOTYPES = YES;
				CLANG_WARN_SUSPICIOUS_MOVE = YES;
				CLANG_WARN_UNGUARDED_AVAILABILITY = YES_AGGRESSIVE;
				CLANG_WARN_UNREACHABLE_CODE = YES;
				CLANG_WARN__DUPLICATE_METHOD_MATCH = YES;
				COPY_PHASE_STRIP = NO;
				DEBUG_INFORMATION_FORMAT = "dwarf-with-dsym";
				ENABLE_NS_ASSERTIONS = NO;
				ENABLE_STRICT_OBJC_MSGSEND = YES;
				GCC_C_LANGUAGE_STANDARD = gnu11;
				GCC_NO_COMMON_BLOCKS = YES;
				GCC_WARN_64_TO_32_BIT_CONVERSION = YES;
				GCC_WARN_ABOUT_RETURN_TYPE = YES_ERROR;
				GCC_WARN_UNDECLARED_SELECTOR = YES;
				GCC_WARN_UNINITIALIZED_AUTOS = YES_AGGRESSIVE;
				GCC_WARN_UNUSED_FUNCTION = YES;
				GCC_WARN_UNUSED_VARIABLE = YES;
				IPHONEOS_DEPLOYMENT_TARGET = 16.2;
				MTL_ENABLE_DEBUG_INFO = NO;
				MTL_FAST_MATH = YES;
				SDKROOT = iphoneos;
				SWIFT_COMPILATION_MODE = wholemodule;
				SWIFT_OPTIMIZATION_LEVEL = "-O";
				VALIDATE_PRODUCT = YES;
			};
			name = Release;
		};
		129142CC2A319F1000089F70 /* Debug */ = {
			isa = XCBuildConfiguration;
			baseConfigurationReference = 9F30C02BE4AAA345DD08BED0 /* Pods-PWMPods.debug.xcconfig */;
			buildSettings = {
				ASSETCATALOG_COMPILER_APPICON_NAME = AppIcon;
				ASSETCATALOG_COMPILER_GLOBAL_ACCENT_COLOR_NAME = AccentColor;
				CODE_SIGN_STYLE = Automatic;
				CURRENT_PROJECT_VERSION = 1;
				DEVELOPMENT_TEAM = XQN9RMZCM6;
				GENERATE_INFOPLIST_FILE = YES;
				INFOPLIST_FILE = PWMPods/Info.plist;
				INFOPLIST_KEY_UIApplicationSupportsIndirectInputEvents = YES;
				INFOPLIST_KEY_UILaunchStoryboardName = LaunchScreen;
				INFOPLIST_KEY_UIMainStoryboardFile = Main;
				INFOPLIST_KEY_UISupportedInterfaceOrientations_iPad = "UIInterfaceOrientationPortrait UIInterfaceOrientationPortraitUpsideDown UIInterfaceOrientationLandscapeLeft UIInterfaceOrientationLandscapeRight";
				INFOPLIST_KEY_UISupportedInterfaceOrientations_iPhone = "UIInterfaceOrientationPortrait UIInterfaceOrientationLandscapeLeft UIInterfaceOrientationLandscapeRight";
				LD_RUNPATH_SEARCH_PATHS = (
					"$(inherited)",
					"@executable_path/Frameworks",
				);
				MARKETING_VERSION = 1.0;
				PRODUCT_BUNDLE_IDENTIFIER = com.test.PWMPods;
				PRODUCT_NAME = "$(TARGET_NAME)";
				SWIFT_EMIT_LOC_STRINGS = YES;
				SWIFT_VERSION = 5.0;
				TARGETED_DEVICE_FAMILY = "1,2";
			};
			name = Debug;
		};
		129142CD2A319F1000089F70 /* Release */ = {
			isa = XCBuildConfiguration;
			baseConfigurationReference = 7D48244D0C4B7FD716058DF7 /* Pods-PWMPods.release.xcconfig */;
			buildSettings = {
				ASSETCATALOG_COMPILER_APPICON_NAME = AppIcon;
				ASSETCATALOG_COMPILER_GLOBAL_ACCENT_COLOR_NAME = AccentColor;
				CODE_SIGN_STYLE = Automatic;
				CURRENT_PROJECT_VERSION = 1;
				DEVELOPMENT_TEAM = XQN9RMZCM6;
				GENERATE_INFOPLIST_FILE = YES;
				INFOPLIST_FILE = PWMPods/Info.plist;
				INFOPLIST_KEY_UIApplicationSupportsIndirectInputEvents = YES;
				INFOPLIST_KEY_UILaunchStoryboardName = LaunchScreen;
				INFOPLIST_KEY_UIMainStoryboardFile = Main;
				INFOPLIST_KEY_UISupportedInterfaceOrientations_iPad = "UIInterfaceOrientationPortrait UIInterfaceOrientationPortraitUpsideDown UIInterfaceOrientationLandscapeLeft UIInterfaceOrientationLandscapeRight";
				INFOPLIST_KEY_UISupportedInterfaceOrientations_iPhone = "UIInterfaceOrientationPortrait UIInterfaceOrientationLandscapeLeft UIInterfaceOrientationLandscapeRight";
				LD_RUNPATH_SEARCH_PATHS = (
					"$(inherited)",
					"@executable_path/Frameworks",
				);
				MARKETING_VERSION = 1.0;
				PRODUCT_BUNDLE_IDENTIFIER = com.test.PWMPods;
				PRODUCT_NAME = "$(TARGET_NAME)";
				SWIFT_EMIT_LOC_STRINGS = YES;
				SWIFT_VERSION = 5.0;
				TARGETED_DEVICE_FAMILY = "1,2";
			};
			name = Release;
		};
/* End XCBuildConfiguration section */

/* Begin XCConfigurationList section */
		129142B22A319F0F00089F70 /* Build configuration list for PBXProject "PWMPods" */ = {
			isa = XCConfigurationList;
			buildConfigurations = (
				129142C92A319F1000089F70 /* Debug */,
				129142CA2A319F1000089F70 /* Release */,
			);
			defaultConfigurationIsVisible = 0;
			defaultConfigurationName = Release;
		};
		129142CB2A319F1000089F70 /* Build configuration list for PBXNativeTarget "PWMPods" */ = {
			isa = XCConfigurationList;
			buildConfigurations = (
				129142CC2A319F1000089F70 /* Debug */,
				129142CD2A319F1000089F70 /* Release */,
			);
			defaultConfigurationIsVisible = 0;
			defaultConfigurationName = Release;
		};
/* End XCConfigurationList section */
	};
	rootObject = 129142AF2A319F0F00089F70 /* Project object */;
}
